// !$*UTF8*$!
{
	archiveVersion = 1;
	classes = {
	};
	objectVersion = 56;
	objects = {

/* Begin PBXBuildFile section */
		47339BAD2BC992D7006A93D5 /* CircleProgressBar.swift in Sources */ = {isa = PBXBuildFile; fileRef = 47339BAC2BC992D7006A93D5 /* CircleProgressBar.swift */; };
		477594532BCC6D4100E41970 /* RechargeTeachTests.swift in Sources */ = {isa = PBXBuildFile; fileRef = 47FF44232B5B1EEF00367F38 /* RechargeTeachTests.swift */; };
		477594582BCC7DE300E41970 /* ToDoView.swift in Sources */ = {isa = PBXBuildFile; fileRef = 477594572BCC7DE300E41970 /* ToDoView.swift */; };
		4775945A2BCC7E1000E41970 /* AppDelegate.swift in Sources */ = {isa = PBXBuildFile; fileRef = 477594592BCC7E1000E41970 /* AppDelegate.swift */; };
		4775945C2BCC7E2400E41970 /* SceneDelegate.swift in Sources */ = {isa = PBXBuildFile; fileRef = 4775945B2BCC7E2400E41970 /* SceneDelegate.swift */; };
		4775945E2BCC7E5400E41970 /* TaskFiles.swift in Sources */ = {isa = PBXBuildFile; fileRef = 4775945D2BCC7E5400E41970 /* TaskFiles.swift */; };
		477594602BCC7FA800E41970 /* ToDoListView.swift in Sources */ = {isa = PBXBuildFile; fileRef = 4775945F2BCC7FA800E41970 /* ToDoListView.swift */; };
		477594632BCC931300E41970 /* GenerateInspoView.swift in Sources */ = {isa = PBXBuildFile; fileRef = 477594622BCC931300E41970 /* GenerateInspoView.swift */; };
		477594652BCCD54200E41970 /* InspirationView.swift in Sources */ = {isa = PBXBuildFile; fileRef = 477594642BCCD54200E41970 /* InspirationView.swift */; };
		477594672BCCDAED00E41970 /* QuoteView.swift in Sources */ = {isa = PBXBuildFile; fileRef = 477594662BCCDAED00E41970 /* QuoteView.swift */; };
		47E136A32B959D2700872439 /* BeginPage.swift in Sources */ = {isa = PBXBuildFile; fileRef = 47E136A22B959D2700872439 /* BeginPage.swift */; };
		47F37CFE2BBDDEEC0084B232 /* NavView.swift in Sources */ = {isa = PBXBuildFile; fileRef = 47F37CFD2BBDDEEC0084B232 /* NavView.swift */; };
		47F37D0E2BBE4CD80084B232 /* Jost.ttf in Resources */ = {isa = PBXBuildFile; fileRef = 47F37D0C2BBE30B00084B232 /* Jost.ttf */; };
		47F37D112BBE4D9F0084B232 /* Yellowtail-Regular.ttf in Resources */ = {isa = PBXBuildFile; fileRef = 47F37D102BBE4D9F0084B232 /* Yellowtail-Regular.ttf */; };
		47F37D132BC33B4F0084B232 /* TimerView.swift in Sources */ = {isa = PBXBuildFile; fileRef = 47F37D122BC33B4F0084B232 /* TimerView.swift */; };
		47F37D1A2BC346AB0084B232 /* FocusView.swift in Sources */ = {isa = PBXBuildFile; fileRef = 47F37D192BC346AB0084B232 /* FocusView.swift */; };
		47FF44122B5B1EEE00367F38 /* RechargeTeachApp.swift in Sources */ = {isa = PBXBuildFile; fileRef = 47FF44112B5B1EEE00367F38 /* RechargeTeachApp.swift */; };
		47FF44142B5B1EEE00367F38 /* ContentView.swift in Sources */ = {isa = PBXBuildFile; fileRef = 47FF44132B5B1EEE00367F38 /* ContentView.swift */; };
		47FF44162B5B1EEF00367F38 /* Assets.xcassets in Resources */ = {isa = PBXBuildFile; fileRef = 47FF44152B5B1EEF00367F38 /* Assets.xcassets */; };
		47FF44192B5B1EEF00367F38 /* Preview Assets.xcassets in Resources */ = {isa = PBXBuildFile; fileRef = 47FF44182B5B1EEF00367F38 /* Preview Assets.xcassets */; };
		47FF442E2B5B1EEF00367F38 /* RechargeTeachUITests.swift in Sources */ = {isa = PBXBuildFile; fileRef = 47FF442D2B5B1EEF00367F38 /* RechargeTeachUITests.swift */; };
		47FF44302B5B1EEF00367F38 /* RechargeTeachUITestsLaunchTests.swift in Sources */ = {isa = PBXBuildFile; fileRef = 47FF442F2B5B1EEF00367F38 /* RechargeTeachUITestsLaunchTests.swift */; };
/* End PBXBuildFile section */

/* Begin PBXContainerItemProxy section */
		47FF44202B5B1EEF00367F38 /* PBXContainerItemProxy */ = {
			isa = PBXContainerItemProxy;
			containerPortal = 47FF44062B5B1EEE00367F38 /* Project object */;
			proxyType = 1;
			remoteGlobalIDString = 47FF440D2B5B1EEE00367F38;
			remoteInfo = RechargeTeach;
		};
		47FF442A2B5B1EEF00367F38 /* PBXContainerItemProxy */ = {
			isa = PBXContainerItemProxy;
			containerPortal = 47FF44062B5B1EEE00367F38 /* Project object */;
			proxyType = 1;
			remoteGlobalIDString = 47FF440D2B5B1EEE00367F38;
			remoteInfo = RechargeTeach;
		};
/* End PBXContainerItemProxy section */

/* Begin PBXFileReference section */
		47339BAC2BC992D7006A93D5 /* CircleProgressBar.swift */ = {isa = PBXFileReference; lastKnownFileType = sourcecode.swift; path = CircleProgressBar.swift; sourceTree = "<group>"; };
		477594572BCC7DE300E41970 /* ToDoView.swift */ = {isa = PBXFileReference; lastKnownFileType = sourcecode.swift; path = ToDoView.swift; sourceTree = "<group>"; };
		477594592BCC7E1000E41970 /* AppDelegate.swift */ = {isa = PBXFileReference; lastKnownFileType = sourcecode.swift; path = AppDelegate.swift; sourceTree = "<group>"; };
		4775945B2BCC7E2400E41970 /* SceneDelegate.swift */ = {isa = PBXFileReference; lastKnownFileType = sourcecode.swift; path = SceneDelegate.swift; sourceTree = "<group>"; };
		4775945D2BCC7E5400E41970 /* TaskFiles.swift */ = {isa = PBXFileReference; lastKnownFileType = sourcecode.swift; path = TaskFiles.swift; sourceTree = "<group>"; };
		4775945F2BCC7FA800E41970 /* ToDoListView.swift */ = {isa = PBXFileReference; lastKnownFileType = sourcecode.swift; path = ToDoListView.swift; sourceTree = "<group>"; };
		477594622BCC931300E41970 /* GenerateInspoView.swift */ = {isa = PBXFileReference; lastKnownFileType = sourcecode.swift; path = GenerateInspoView.swift; sourceTree = "<group>"; };
		477594642BCCD54200E41970 /* InspirationView.swift */ = {isa = PBXFileReference; lastKnownFileType = sourcecode.swift; path = InspirationView.swift; sourceTree = "<group>"; };
		477594662BCCDAED00E41970 /* QuoteView.swift */ = {isa = PBXFileReference; lastKnownFileType = sourcecode.swift; path = QuoteView.swift; sourceTree = "<group>"; };
		47E136A22B959D2700872439 /* BeginPage.swift */ = {isa = PBXFileReference; lastKnownFileType = sourcecode.swift; path = BeginPage.swift; sourceTree = "<group>"; };
		47F37CFD2BBDDEEC0084B232 /* NavView.swift */ = {isa = PBXFileReference; lastKnownFileType = sourcecode.swift; path = NavView.swift; sourceTree = "<group>"; };
		47F37D052BBE2AE50084B232 /* Info.plist */ = {isa = PBXFileReference; lastKnownFileType = text.plist; path = Info.plist; sourceTree = "<group>"; };
		47F37D0C2BBE30B00084B232 /* Jost.ttf */ = {isa = PBXFileReference; lastKnownFileType = file; path = Jost.ttf; sourceTree = "<group>"; };
		47F37D102BBE4D9F0084B232 /* Yellowtail-Regular.ttf */ = {isa = PBXFileReference; lastKnownFileType = file; path = "Yellowtail-Regular.ttf"; sourceTree = "<group>"; };
		47F37D122BC33B4F0084B232 /* TimerView.swift */ = {isa = PBXFileReference; lastKnownFileType = sourcecode.swift; path = TimerView.swift; sourceTree = "<group>"; };
		47F37D192BC346AB0084B232 /* FocusView.swift */ = {isa = PBXFileReference; lastKnownFileType = sourcecode.swift; path = FocusView.swift; sourceTree = "<group>"; };
		47FF440E2B5B1EEE00367F38 /* RechargeTeach.app */ = {isa = PBXFileReference; explicitFileType = wrapper.application; includeInIndex = 0; path = RechargeTeach.app; sourceTree = BUILT_PRODUCTS_DIR; };
		47FF44112B5B1EEE00367F38 /* RechargeTeachApp.swift */ = {isa = PBXFileReference; lastKnownFileType = sourcecode.swift; path = RechargeTeachApp.swift; sourceTree = "<group>"; };
		47FF44132B5B1EEE00367F38 /* ContentView.swift */ = {isa = PBXFileReference; lastKnownFileType = sourcecode.swift; path = ContentView.swift; sourceTree = "<group>"; };
		47FF44152B5B1EEF00367F38 /* Assets.xcassets */ = {isa = PBXFileReference; lastKnownFileType = folder.assetcatalog; path = Assets.xcassets; sourceTree = "<group>"; };
		47FF44182B5B1EEF00367F38 /* Preview Assets.xcassets */ = {isa = PBXFileReference; lastKnownFileType = folder.assetcatalog; path = "Preview Assets.xcassets"; sourceTree = "<group>"; };
		47FF441A2B5B1EEF00367F38 /* RechargeTeach.entitlements */ = {isa = PBXFileReference; lastKnownFileType = text.plist.entitlements; path = RechargeTeach.entitlements; sourceTree = "<group>"; };
		47FF441F2B5B1EEF00367F38 /* RechargeTeachTests.xctest */ = {isa = PBXFileReference; explicitFileType = wrapper.cfbundle; includeInIndex = 0; path = RechargeTeachTests.xctest; sourceTree = BUILT_PRODUCTS_DIR; };
		47FF44232B5B1EEF00367F38 /* RechargeTeachTests.swift */ = {isa = PBXFileReference; lastKnownFileType = sourcecode.swift; path = RechargeTeachTests.swift; sourceTree = "<group>"; };
		47FF44292B5B1EEF00367F38 /* RechargeTeachUITests.xctest */ = {isa = PBXFileReference; explicitFileType = wrapper.cfbundle; includeInIndex = 0; path = RechargeTeachUITests.xctest; sourceTree = BUILT_PRODUCTS_DIR; };
		47FF442D2B5B1EEF00367F38 /* RechargeTeachUITests.swift */ = {isa = PBXFileReference; lastKnownFileType = sourcecode.swift; path = RechargeTeachUITests.swift; sourceTree = "<group>"; };
		47FF442F2B5B1EEF00367F38 /* RechargeTeachUITestsLaunchTests.swift */ = {isa = PBXFileReference; lastKnownFileType = sourcecode.swift; path = RechargeTeachUITestsLaunchTests.swift; sourceTree = "<group>"; };
/* End PBXFileReference section */

/* Begin PBXFrameworksBuildPhase section */
		47FF440B2B5B1EEE00367F38 /* Frameworks */ = {
			isa = PBXFrameworksBuildPhase;
			buildActionMask = 2147483647;
			files = (
			);
			runOnlyForDeploymentPostprocessing = 0;
		};
		47FF441C2B5B1EEF00367F38 /* Frameworks */ = {
			isa = PBXFrameworksBuildPhase;
			buildActionMask = 2147483647;
			files = (
			);
			runOnlyForDeploymentPostprocessing = 0;
		};
		47FF44262B5B1EEF00367F38 /* Frameworks */ = {
			isa = PBXFrameworksBuildPhase;
			buildActionMask = 2147483647;
			files = (
			);
			runOnlyForDeploymentPostprocessing = 0;
		};
/* End PBXFrameworksBuildPhase section */

/* Begin PBXGroup section */
		477594612BCC92D900E41970 /* Inspiration */ = {
			isa = PBXGroup;
			children = (
				477594642BCCD54200E41970 /* InspirationView.swift */,
				477594662BCCDAED00E41970 /* QuoteView.swift */,
				477594622BCC931300E41970 /* GenerateInspoView.swift */,
			);
			path = Inspiration;
			sourceTree = "<group>";
		};
		47E1369F2B959CD300872439 /* Views */ = {
			isa = PBXGroup;
			children = (
				47FF44132B5B1EEE00367F38 /* ContentView.swift */,
				47F37CFD2BBDDEEC0084B232 /* NavView.swift */,
				47E136A22B959D2700872439 /* BeginPage.swift */,
				47F37D182BC3468D0084B232 /* Focus */,
				47F37DA02BC482090084B232 /* ToDoList */,
				477594612BCC92D900E41970 /* Inspiration */,
			);
			path = Views;
			sourceTree = "<group>";
		};
		47F37D0B2BBE30AA0084B232 /* Fonts */ = {
			isa = PBXGroup;
			children = (
				47F37D102BBE4D9F0084B232 /* Yellowtail-Regular.ttf */,
				47F37D0C2BBE30B00084B232 /* Jost.ttf */,
			);
			path = Fonts;
			sourceTree = "<group>";
		};
		47F37D182BC3468D0084B232 /* Focus */ = {
			isa = PBXGroup;
			children = (
				47F37D192BC346AB0084B232 /* FocusView.swift */,
				47F37D122BC33B4F0084B232 /* TimerView.swift */,
				47339BAC2BC992D7006A93D5 /* CircleProgressBar.swift */,
			);
			path = Focus;
			sourceTree = "<group>";
		};
		47F37DA02BC482090084B232 /* ToDoList */ = {
			isa = PBXGroup;
			children = (
				477594572BCC7DE300E41970 /* ToDoView.swift */,
				4775945F2BCC7FA800E41970 /* ToDoListView.swift */,
				477594592BCC7E1000E41970 /* AppDelegate.swift */,
				4775945B2BCC7E2400E41970 /* SceneDelegate.swift */,
				4775945D2BCC7E5400E41970 /* TaskFiles.swift */,
			);
			path = ToDoList;
			sourceTree = "<group>";
		};
		47FF44052B5B1EEE00367F38 = {
			isa = PBXGroup;
			children = (
				47FF44102B5B1EEE00367F38 /* RechargeTeach */,
				47FF44222B5B1EEF00367F38 /* RechargeTeachTests */,
				47FF442C2B5B1EEF00367F38 /* RechargeTeachUITests */,
				47FF440F2B5B1EEE00367F38 /* Products */,
			);
			sourceTree = "<group>";
		};
		47FF440F2B5B1EEE00367F38 /* Products */ = {
			isa = PBXGroup;
			children = (
				47FF440E2B5B1EEE00367F38 /* RechargeTeach.app */,
				47FF441F2B5B1EEF00367F38 /* RechargeTeachTests.xctest */,
				47FF44292B5B1EEF00367F38 /* RechargeTeachUITests.xctest */,
			);
			name = Products;
			sourceTree = "<group>";
		};
		47FF44102B5B1EEE00367F38 /* RechargeTeach */ = {
			isa = PBXGroup;
			children = (
				47E1369F2B959CD300872439 /* Views */,
				47FF44112B5B1EEE00367F38 /* RechargeTeachApp.swift */,
				47FF44152B5B1EEF00367F38 /* Assets.xcassets */,
				47FF441A2B5B1EEF00367F38 /* RechargeTeach.entitlements */,
				47F37D052BBE2AE50084B232 /* Info.plist */,
				47F37D0B2BBE30AA0084B232 /* Fonts */,
				47FF44172B5B1EEF00367F38 /* Preview Content */,
			);
			path = RechargeTeach;
			sourceTree = "<group>";
		};
		47FF44172B5B1EEF00367F38 /* Preview Content */ = {
			isa = PBXGroup;
			children = (
				47FF44182B5B1EEF00367F38 /* Preview Assets.xcassets */,
			);
			path = "Preview Content";
			sourceTree = "<group>";
		};
		47FF44222B5B1EEF00367F38 /* RechargeTeachTests */ = {
			isa = PBXGroup;
			children = (
				47FF44232B5B1EEF00367F38 /* RechargeTeachTests.swift */,
			);
			path = RechargeTeachTests;
			sourceTree = "<group>";
		};
		47FF442C2B5B1EEF00367F38 /* RechargeTeachUITests */ = {
			isa = PBXGroup;
			children = (
				47FF442D2B5B1EEF00367F38 /* RechargeTeachUITests.swift */,
				47FF442F2B5B1EEF00367F38 /* RechargeTeachUITestsLaunchTests.swift */,
			);
			path = RechargeTeachUITests;
			sourceTree = "<group>";
		};
/* End PBXGroup section */

/* Begin PBXNativeTarget section */
		47FF440D2B5B1EEE00367F38 /* RechargeTeach */ = {
			isa = PBXNativeTarget;
			buildConfigurationList = 47FF44332B5B1EEF00367F38 /* Build configuration list for PBXNativeTarget "RechargeTeach" */;
			buildPhases = (
				47FF440A2B5B1EEE00367F38 /* Sources */,
				47FF440B2B5B1EEE00367F38 /* Frameworks */,
				47FF440C2B5B1EEE00367F38 /* Resources */,
			);
			buildRules = (
			);
			dependencies = (
			);
			name = RechargeTeach;
			productName = RechargeTeach;
			productReference = 47FF440E2B5B1EEE00367F38 /* RechargeTeach.app */;
			productType = "com.apple.product-type.application";
		};
		47FF441E2B5B1EEF00367F38 /* RechargeTeachTests */ = {
			isa = PBXNativeTarget;
			buildConfigurationList = 47FF44362B5B1EEF00367F38 /* Build configuration list for PBXNativeTarget "RechargeTeachTests" */;
			buildPhases = (
				47FF441B2B5B1EEF00367F38 /* Sources */,
				47FF441C2B5B1EEF00367F38 /* Frameworks */,
				47FF441D2B5B1EEF00367F38 /* Resources */,
			);
			buildRules = (
			);
			dependencies = (
				47FF44212B5B1EEF00367F38 /* PBXTargetDependency */,
			);
			name = RechargeTeachTests;
			productName = RechargeTeachTests;
			productReference = 47FF441F2B5B1EEF00367F38 /* RechargeTeachTests.xctest */;
			productType = "com.apple.product-type.bundle.unit-test";
		};
		47FF44282B5B1EEF00367F38 /* RechargeTeachUITests */ = {
			isa = PBXNativeTarget;
			buildConfigurationList = 47FF44392B5B1EEF00367F38 /* Build configuration list for PBXNativeTarget "RechargeTeachUITests" */;
			buildPhases = (
				47FF44252B5B1EEF00367F38 /* Sources */,
				47FF44262B5B1EEF00367F38 /* Frameworks */,
				47FF44272B5B1EEF00367F38 /* Resources */,
			);
			buildRules = (
			);
			dependencies = (
				47FF442B2B5B1EEF00367F38 /* PBXTargetDependency */,
			);
			name = RechargeTeachUITests;
			productName = RechargeTeachUITests;
			productReference = 47FF44292B5B1EEF00367F38 /* RechargeTeachUITests.xctest */;
			productType = "com.apple.product-type.bundle.ui-testing";
		};
/* End PBXNativeTarget section */

/* Begin PBXProject section */
		47FF44062B5B1EEE00367F38 /* Project object */ = {
			isa = PBXProject;
			attributes = {
				BuildIndependentTargetsInParallel = 1;
				LastSwiftUpdateCheck = 1520;
				LastUpgradeCheck = 1530;
				TargetAttributes = {
					47FF440D2B5B1EEE00367F38 = {
						CreatedOnToolsVersion = 15.2;
					};
					47FF441E2B5B1EEF00367F38 = {
						CreatedOnToolsVersion = 15.2;
						TestTargetID = 47FF440D2B5B1EEE00367F38;
					};
					47FF44282B5B1EEF00367F38 = {
						CreatedOnToolsVersion = 15.2;
						TestTargetID = 47FF440D2B5B1EEE00367F38;
					};
				};
			};
			buildConfigurationList = 47FF44092B5B1EEE00367F38 /* Build configuration list for PBXProject "RechargeTeach" */;
			compatibilityVersion = "Xcode 14.0";
			developmentRegion = en;
			hasScannedForEncodings = 0;
			knownRegions = (
				en,
				Base,
			);
			mainGroup = 47FF44052B5B1EEE00367F38;
			productRefGroup = 47FF440F2B5B1EEE00367F38 /* Products */;
			projectDirPath = "";
			projectRoot = "";
			targets = (
				47FF440D2B5B1EEE00367F38 /* RechargeTeach */,
				47FF441E2B5B1EEF00367F38 /* RechargeTeachTests */,
				47FF44282B5B1EEF00367F38 /* RechargeTeachUITests */,
			);
		};
/* End PBXProject section */

/* Begin PBXResourcesBuildPhase section */
		47FF440C2B5B1EEE00367F38 /* Resources */ = {
			isa = PBXResourcesBuildPhase;
			buildActionMask = 2147483647;
			files = (
				47F37D0E2BBE4CD80084B232 /* Jost.ttf in Resources */,
				47FF44192B5B1EEF00367F38 /* Preview Assets.xcassets in Resources */,
				47FF44162B5B1EEF00367F38 /* Assets.xcassets in Resources */,
				47F37D112BBE4D9F0084B232 /* Yellowtail-Regular.ttf in Resources */,
			);
			runOnlyForDeploymentPostprocessing = 0;
		};
		47FF441D2B5B1EEF00367F38 /* Resources */ = {
			isa = PBXResourcesBuildPhase;
			buildActionMask = 2147483647;
			files = (
			);
			runOnlyForDeploymentPostprocessing = 0;
		};
		47FF44272B5B1EEF00367F38 /* Resources */ = {
			isa = PBXResourcesBuildPhase;
			buildActionMask = 2147483647;
			files = (
			);
			runOnlyForDeploymentPostprocessing = 0;
		};
/* End PBXResourcesBuildPhase section */

/* Begin PBXSourcesBuildPhase section */
		47FF440A2B5B1EEE00367F38 /* Sources */ = {
			isa = PBXSourcesBuildPhase;
			buildActionMask = 2147483647;
			files = (
				47E136A32B959D2700872439 /* BeginPage.swift in Sources */,
				47FF44142B5B1EEE00367F38 /* ContentView.swift in Sources */,
				477594672BCCDAED00E41970 /* QuoteView.swift in Sources */,
				477594632BCC931300E41970 /* GenerateInspoView.swift in Sources */,
				47F37CFE2BBDDEEC0084B232 /* NavView.swift in Sources */,
				477594582BCC7DE300E41970 /* ToDoView.swift in Sources */,
				47F37D1A2BC346AB0084B232 /* FocusView.swift in Sources */,
				47FF44122B5B1EEE00367F38 /* RechargeTeachApp.swift in Sources */,
				4775945C2BCC7E2400E41970 /* SceneDelegate.swift in Sources */,
				477594602BCC7FA800E41970 /* ToDoListView.swift in Sources */,
				4775945E2BCC7E5400E41970 /* TaskFiles.swift in Sources */,
				477594652BCCD54200E41970 /* InspirationView.swift in Sources */,
				47F37D132BC33B4F0084B232 /* TimerView.swift in Sources */,
				4775945A2BCC7E1000E41970 /* AppDelegate.swift in Sources */,
				47339BAD2BC992D7006A93D5 /* CircleProgressBar.swift in Sources */,
			);
			runOnlyForDeploymentPostprocessing = 0;
		};
		47FF441B2B5B1EEF00367F38 /* Sources */ = {
			isa = PBXSourcesBuildPhase;
			buildActionMask = 2147483647;
			files = (
				477594532BCC6D4100E41970 /* RechargeTeachTests.swift in Sources */,
			);
			runOnlyForDeploymentPostprocessing = 0;
		};
		47FF44252B5B1EEF00367F38 /* Sources */ = {
			isa = PBXSourcesBuildPhase;
			buildActionMask = 2147483647;
			files = (
				47FF442E2B5B1EEF00367F38 /* RechargeTeachUITests.swift in Sources */,
				47FF44302B5B1EEF00367F38 /* RechargeTeachUITestsLaunchTests.swift in Sources */,
			);
			runOnlyForDeploymentPostprocessing = 0;
		};
/* End PBXSourcesBuildPhase section */

/* Begin PBXTargetDependency section */
		47FF44212B5B1EEF00367F38 /* PBXTargetDependency */ = {
			isa = PBXTargetDependency;
			target = 47FF440D2B5B1EEE00367F38 /* RechargeTeach */;
			targetProxy = 47FF44202B5B1EEF00367F38 /* PBXContainerItemProxy */;
		};
		47FF442B2B5B1EEF00367F38 /* PBXTargetDependency */ = {
			isa = PBXTargetDependency;
			target = 47FF440D2B5B1EEE00367F38 /* RechargeTeach */;
			targetProxy = 47FF442A2B5B1EEF00367F38 /* PBXContainerItemProxy */;
		};
/* End PBXTargetDependency section */

/* Begin XCBuildConfiguration section */
		47FF44312B5B1EEF00367F38 /* Debug */ = {
			isa = XCBuildConfiguration;
			buildSettings = {
				ALWAYS_SEARCH_USER_PATHS = NO;
				ASSETCATALOG_COMPILER_GENERATE_SWIFT_ASSET_SYMBOL_EXTENSIONS = YES;
				CLANG_ANALYZER_NONNULL = YES;
				CLANG_ANALYZER_NUMBER_OBJECT_CONVERSION = YES_AGGRESSIVE;
				CLANG_CXX_LANGUAGE_STANDARD = "gnu++20";
				CLANG_ENABLE_MODULES = YES;
				CLANG_ENABLE_OBJC_ARC = YES;
				CLANG_ENABLE_OBJC_WEAK = YES;
				CLANG_WARN_BLOCK_CAPTURE_AUTORELEASING = YES;
				CLANG_WARN_BOOL_CONVERSION = YES;
				CLANG_WARN_COMMA = YES;
				CLANG_WARN_CONSTANT_CONVERSION = YES;
				CLANG_WARN_DEPRECATED_OBJC_IMPLEMENTATIONS = YES;
				CLANG_WARN_DIRECT_OBJC_ISA_USAGE = YES_ERROR;
				CLANG_WARN_DOCUMENTATION_COMMENTS = YES;
				CLANG_WARN_EMPTY_BODY = YES;
				CLANG_WARN_ENUM_CONVERSION = YES;
				CLANG_WARN_INFINITE_RECURSION = YES;
				CLANG_WARN_INT_CONVERSION = YES;
				CLANG_WARN_NON_LITERAL_NULL_CONVERSION = YES;
				CLANG_WARN_OBJC_IMPLICIT_RETAIN_SELF = YES;
				CLANG_WARN_OBJC_LITERAL_CONVERSION = YES;
				CLANG_WARN_OBJC_ROOT_CLASS = YES_ERROR;
				CLANG_WARN_QUOTED_INCLUDE_IN_FRAMEWORK_HEADER = YES;
				CLANG_WARN_RANGE_LOOP_ANALYSIS = YES;
				CLANG_WARN_STRICT_PROTOTYPES = YES;
				CLANG_WARN_SUSPICIOUS_MOVE = YES;
				CLANG_WARN_UNGUARDED_AVAILABILITY = YES_AGGRESSIVE;
				CLANG_WARN_UNREACHABLE_CODE = YES;
				CLANG_WARN__DUPLICATE_METHOD_MATCH = YES;
				COPY_PHASE_STRIP = NO;
				DEAD_CODE_STRIPPING = YES;
				DEBUG_INFORMATION_FORMAT = dwarf;
				ENABLE_STRICT_OBJC_MSGSEND = YES;
				ENABLE_TESTABILITY = YES;
				ENABLE_USER_SCRIPT_SANDBOXING = YES;
				GCC_C_LANGUAGE_STANDARD = gnu17;
				GCC_DYNAMIC_NO_PIC = NO;
				GCC_NO_COMMON_BLOCKS = YES;
				GCC_OPTIMIZATION_LEVEL = 0;
				GCC_PREPROCESSOR_DEFINITIONS = (
					"DEBUG=1",
					"$(inherited)",
				);
				GCC_WARN_64_TO_32_BIT_CONVERSION = YES;
				GCC_WARN_ABOUT_RETURN_TYPE = YES_ERROR;
				GCC_WARN_UNDECLARED_SELECTOR = YES;
				GCC_WARN_UNINITIALIZED_AUTOS = YES_AGGRESSIVE;
				GCC_WARN_UNUSED_FUNCTION = YES;
				GCC_WARN_UNUSED_VARIABLE = YES;
				LOCALIZATION_PREFERS_STRING_CATALOGS = YES;
				MACOSX_DEPLOYMENT_TARGET = 14.1;
				MTL_ENABLE_DEBUG_INFO = INCLUDE_SOURCE;
				MTL_FAST_MATH = YES;
				ONLY_ACTIVE_ARCH = YES;
				SDKROOT = macosx;
				SWIFT_ACTIVE_COMPILATION_CONDITIONS = "DEBUG $(inherited)";
				SWIFT_OPTIMIZATION_LEVEL = "-Onone";
			};
			name = Debug;
		};
		47FF44322B5B1EEF00367F38 /* Release */ = {
			isa = XCBuildConfiguration;
			buildSettings = {
				ALWAYS_SEARCH_USER_PATHS = NO;
				ASSETCATALOG_COMPILER_GENERATE_SWIFT_ASSET_SYMBOL_EXTENSIONS = YES;
				CLANG_ANALYZER_NONNULL = YES;
				CLANG_ANALYZER_NUMBER_OBJECT_CONVERSION = YES_AGGRESSIVE;
				CLANG_CXX_LANGUAGE_STANDARD = "gnu++20";
				CLANG_ENABLE_MODULES = YES;
				CLANG_ENABLE_OBJC_ARC = YES;
				CLANG_ENABLE_OBJC_WEAK = YES;
				CLANG_WARN_BLOCK_CAPTURE_AUTORELEASING = YES;
				CLANG_WARN_BOOL_CONVERSION = YES;
				CLANG_WARN_COMMA = YES;
				CLANG_WARN_CONSTANT_CONVERSION = YES;
				CLANG_WARN_DEPRECATED_OBJC_IMPLEMENTATIONS = YES;
				CLANG_WARN_DIRECT_OBJC_ISA_USAGE = YES_ERROR;
				CLANG_WARN_DOCUMENTATION_COMMENTS = YES;
				CLANG_WARN_EMPTY_BODY = YES;
				CLANG_WARN_ENUM_CONVERSION = YES;
				CLANG_WARN_INFINITE_RECURSION = YES;
				CLANG_WARN_INT_CONVERSION = YES;
				CLANG_WARN_NON_LITERAL_NULL_CONVERSION = YES;
				CLANG_WARN_OBJC_IMPLICIT_RETAIN_SELF = YES;
				CLANG_WARN_OBJC_LITERAL_CONVERSION = YES;
				CLANG_WARN_OBJC_ROOT_CLASS = YES_ERROR;
				CLANG_WARN_QUOTED_INCLUDE_IN_FRAMEWORK_HEADER = YES;
				CLANG_WARN_RANGE_LOOP_ANALYSIS = YES;
				CLANG_WARN_STRICT_PROTOTYPES = YES;
				CLANG_WARN_SUSPICIOUS_MOVE = YES;
				CLANG_WARN_UNGUARDED_AVAILABILITY = YES_AGGRESSIVE;
				CLANG_WARN_UNREACHABLE_CODE = YES;
				CLANG_WARN__DUPLICATE_METHOD_MATCH = YES;
				COPY_PHASE_STRIP = NO;
				DEAD_CODE_STRIPPING = YES;
				DEBUG_INFORMATION_FORMAT = "dwarf-with-dsym";
				ENABLE_NS_ASSERTIONS = NO;
				ENABLE_STRICT_OBJC_MSGSEND = YES;
				ENABLE_USER_SCRIPT_SANDBOXING = YES;
				GCC_C_LANGUAGE_STANDARD = gnu17;
				GCC_NO_COMMON_BLOCKS = YES;
				GCC_WARN_64_TO_32_BIT_CONVERSION = YES;
				GCC_WARN_ABOUT_RETURN_TYPE = YES_ERROR;
				GCC_WARN_UNDECLARED_SELECTOR = YES;
				GCC_WARN_UNINITIALIZED_AUTOS = YES_AGGRESSIVE;
				GCC_WARN_UNUSED_FUNCTION = YES;
				GCC_WARN_UNUSED_VARIABLE = YES;
				LOCALIZATION_PREFERS_STRING_CATALOGS = YES;
				MACOSX_DEPLOYMENT_TARGET = 14.1;
				MTL_ENABLE_DEBUG_INFO = NO;
				MTL_FAST_MATH = YES;
				SDKROOT = macosx;
				SWIFT_COMPILATION_MODE = wholemodule;
			};
			name = Release;
		};
		47FF44342B5B1EEF00367F38 /* Debug */ = {
			isa = XCBuildConfiguration;
			buildSettings = {
				ASSETCATALOG_COMPILER_APPICON_NAME = AppIcon;
				ASSETCATALOG_COMPILER_GLOBAL_ACCENT_COLOR_NAME = AccentColor;
				ASSETCATALOG_COMPILER_INCLUDE_ALL_APPICON_ASSETS = YES;
				CODE_SIGN_ENTITLEMENTS = RechargeTeach/RechargeTeach.entitlements;
				CODE_SIGN_STYLE = Automatic;
				COMBINE_HIDPI_IMAGES = YES;
				CURRENT_PROJECT_VERSION = 1;
				DEAD_CODE_STRIPPING = YES;
				DEVELOPMENT_ASSET_PATHS = "\"RechargeTeach/Preview Content\"";
				DEVELOPMENT_TEAM = 5ANFRKWD98;
				ENABLE_HARDENED_RUNTIME = YES;
				ENABLE_PREVIEWS = YES;
				GENERATE_INFOPLIST_FILE = YES;
				INFOPLIST_FILE = RechargeTeach/Info.plist;
				INFOPLIST_KEY_CFBundleDisplayName = RechargeTeach;
				INFOPLIST_KEY_LSApplicationCategoryType = "public.app-category.productivity";
				INFOPLIST_KEY_NSHumanReadableCopyright = "";
				INFOPLIST_KEY_UILaunchStoryboardName = LaunchScreen;
				INFOPLIST_KEY_UISupportedInterfaceOrientations = UIInterfaceOrientationPortrait;
				LD_RUNPATH_SEARCH_PATHS = (
					"$(inherited)",
					"@executable_path/../Frameworks",
				);
				MARKETING_VERSION = 1.0;
				PRODUCT_BUNDLE_IDENTIFIER = com.app.RechargeTeach;
				PRODUCT_NAME = "$(TARGET_NAME)";
				SDKROOT = iphoneos;
				SUPPORTED_PLATFORMS = "iphoneos iphonesimulator";
				SUPPORTS_MACCATALYST = NO;
				SUPPORTS_MAC_DESIGNED_FOR_IPHONE_IPAD = NO;
				SUPPORTS_XR_DESIGNED_FOR_IPHONE_IPAD = NO;
				SWIFT_EMIT_LOC_STRINGS = YES;
				SWIFT_VERSION = 5.0;
				TARGETED_DEVICE_FAMILY = 1;
			};
			name = Debug;
		};
		47FF44352B5B1EEF00367F38 /* Release */ = {
			isa = XCBuildConfiguration;
			buildSettings = {
				ASSETCATALOG_COMPILER_APPICON_NAME = AppIcon;
				ASSETCATALOG_COMPILER_GLOBAL_ACCENT_COLOR_NAME = AccentColor;
				ASSETCATALOG_COMPILER_INCLUDE_ALL_APPICON_ASSETS = YES;
				CODE_SIGN_ENTITLEMENTS = RechargeTeach/RechargeTeach.entitlements;
				CODE_SIGN_STYLE = Automatic;
				COMBINE_HIDPI_IMAGES = YES;
				CURRENT_PROJECT_VERSION = 1;
				DEAD_CODE_STRIPPING = YES;
				DEVELOPMENT_ASSET_PATHS = "\"RechargeTeach/Preview Content\"";
				DEVELOPMENT_TEAM = 5ANFRKWD98;
				ENABLE_HARDENED_RUNTIME = YES;
				ENABLE_PREVIEWS = YES;
				GENERATE_INFOPLIST_FILE = YES;
				INFOPLIST_FILE = RechargeTeach/Info.plist;
				INFOPLIST_KEY_CFBundleDisplayName = RechargeTeach;
				INFOPLIST_KEY_LSApplicationCategoryType = "public.app-category.productivity";
				INFOPLIST_KEY_NSHumanReadableCopyright = "";
				INFOPLIST_KEY_UILaunchStoryboardName = LaunchScreen;
				INFOPLIST_KEY_UISupportedInterfaceOrientations = UIInterfaceOrientationPortrait;
				LD_RUNPATH_SEARCH_PATHS = (
					"$(inherited)",
					"@executable_path/../Frameworks",
				);
				MARKETING_VERSION = 1.0;
				PRODUCT_BUNDLE_IDENTIFIER = com.app.RechargeTeach;
				PRODUCT_NAME = "$(TARGET_NAME)";
				SDKROOT = iphoneos;
				SUPPORTED_PLATFORMS = "iphoneos iphonesimulator";
				SUPPORTS_MACCATALYST = NO;
				SUPPORTS_MAC_DESIGNED_FOR_IPHONE_IPAD = NO;
				SUPPORTS_XR_DESIGNED_FOR_IPHONE_IPAD = NO;
				SWIFT_EMIT_LOC_STRINGS = YES;
				SWIFT_VERSION = 5.0;
				TARGETED_DEVICE_FAMILY = 1;
			};
			name = Release;
		};
		47FF44372B5B1EEF00367F38 /* Debug */ = {
			isa = XCBuildConfiguration;
			buildSettings = {
				ALWAYS_EMBED_SWIFT_STANDARD_LIBRARIES = YES;
				BUNDLE_LOADER = "$(TEST_HOST)";
				CODE_SIGN_STYLE = Automatic;
				CURRENT_PROJECT_VERSION = 1;
				DEAD_CODE_STRIPPING = YES;
				DEVELOPMENT_TEAM = 6TPQVQLMZN;
				GENERATE_INFOPLIST_FILE = YES;
				MACOSX_DEPLOYMENT_TARGET = 14.1;
				MARKETING_VERSION = 1.0;
				PRODUCT_BUNDLE_IDENTIFIER = "Notification-App.RechargeTeachTests";
				PRODUCT_NAME = "$(TARGET_NAME)";
				SDKROOT = iphoneos;
				SUPPORTED_PLATFORMS = "iphoneos iphonesimulator";
				SUPPORTS_MACCATALYST = NO;
				SUPPORTS_MAC_DESIGNED_FOR_IPHONE_IPAD = NO;
				SUPPORTS_XR_DESIGNED_FOR_IPHONE_IPAD = NO;
				SWIFT_EMIT_LOC_STRINGS = NO;
				SWIFT_VERSION = 5.0;
				TARGETED_DEVICE_FAMILY = 1;
				TEST_HOST = "$(BUILT_PRODUCTS_DIR)/RechargeTeach.app/$(BUNDLE_EXECUTABLE_FOLDER_PATH)/RechargeTeach";
				TREAT_MISSING_BASELINES_AS_TEST_FAILURES = NO;
			};
			name = Debug;
		};
		47FF44382B5B1EEF00367F38 /* Release */ = {
			isa = XCBuildConfiguration;
			buildSettings = {
				ALWAYS_EMBED_SWIFT_STANDARD_LIBRARIES = YES;
				BUNDLE_LOADER = "$(TEST_HOST)";
				CODE_SIGN_STYLE = Automatic;
				CURRENT_PROJECT_VERSION = 1;
				DEAD_CODE_STRIPPING = YES;
				DEVELOPMENT_TEAM = 6TPQVQLMZN;
				GENERATE_INFOPLIST_FILE = YES;
				MACOSX_DEPLOYMENT_TARGET = 14.1;
				MARKETING_VERSION = 1.0;
				PRODUCT_BUNDLE_IDENTIFIER = "Notification-App.RechargeTeachTests";
				PRODUCT_NAME = "$(TARGET_NAME)";
				SDKROOT = iphoneos;
				SUPPORTED_PLATFORMS = "iphoneos iphonesimulator";
				SUPPORTS_MACCATALYST = NO;
				SUPPORTS_MAC_DESIGNED_FOR_IPHONE_IPAD = NO;
				SUPPORTS_XR_DESIGNED_FOR_IPHONE_IPAD = NO;
				SWIFT_EMIT_LOC_STRINGS = NO;
				SWIFT_VERSION = 5.0;
				TARGETED_DEVICE_FAMILY = 1;
				TEST_HOST = "$(BUILT_PRODUCTS_DIR)/RechargeTeach.app/$(BUNDLE_EXECUTABLE_FOLDER_PATH)/RechargeTeach";
				TREAT_MISSING_BASELINES_AS_TEST_FAILURES = NO;
			};
			name = Release;
		};
		47FF443A2B5B1EEF00367F38 /* Debug */ = {
			isa = XCBuildConfiguration;
			buildSettings = {
				ALWAYS_EMBED_SWIFT_STANDARD_LIBRARIES = YES;
				CODE_SIGN_STYLE = Automatic;
				CURRENT_PROJECT_VERSION = 1;
				DEAD_CODE_STRIPPING = YES;
				DEVELOPMENT_TEAM = 5ANFRKWD98;
				GENERATE_INFOPLIST_FILE = YES;
				MARKETING_VERSION = 1.0;
				PRODUCT_BUNDLE_IDENTIFIER = "Notification-App.RechargeTeachUITests";
				PRODUCT_NAME = "$(TARGET_NAME)";
				SDKROOT = iphoneos;
				SUPPORTED_PLATFORMS = "iphoneos iphonesimulator";
				SUPPORTS_MACCATALYST = NO;
				SUPPORTS_MAC_DESIGNED_FOR_IPHONE_IPAD = NO;
				SUPPORTS_XR_DESIGNED_FOR_IPHONE_IPAD = NO;
				SWIFT_EMIT_LOC_STRINGS = NO;
				SWIFT_VERSION = 5.0;
				TARGETED_DEVICE_FAMILY = 1;
				TEST_TARGET_NAME = RechargeTeach;
			};
			name = Debug;
		};
		47FF443B2B5B1EEF00367F38 /* Release */ = {
			isa = XCBuildConfiguration;
			buildSettings = {
				ALWAYS_EMBED_SWIFT_STANDARD_LIBRARIES = YES;
				CODE_SIGN_STYLE = Automatic;
				CURRENT_PROJECT_VERSION = 1;
				DEAD_CODE_STRIPPING = YES;
				DEVELOPMENT_TEAM = 6TPQVQLMZN;
				GENERATE_INFOPLIST_FILE = YES;
				MARKETING_VERSION = 1.0;
				PRODUCT_BUNDLE_IDENTIFIER = "Notification-App.RechargeTeachUITests";
				PRODUCT_NAME = "$(TARGET_NAME)";
				SDKROOT = iphoneos;
				SUPPORTED_PLATFORMS = "iphoneos iphonesimulator";
				SUPPORTS_MACCATALYST = NO;
				SUPPORTS_MAC_DESIGNED_FOR_IPHONE_IPAD = NO;
				SUPPORTS_XR_DESIGNED_FOR_IPHONE_IPAD = NO;
				SWIFT_EMIT_LOC_STRINGS = NO;
				SWIFT_VERSION = 5.0;
				TARGETED_DEVICE_FAMILY = 1;
				TEST_TARGET_NAME = RechargeTeach;
			};
			name = Release;
		};
/* End XCBuildConfiguration section */

/* Begin XCConfigurationList section */
		47FF44092B5B1EEE00367F38 /* Build configuration list for PBXProject "RechargeTeach" */ = {
			isa = XCConfigurationList;
			buildConfigurations = (
				47FF44312B5B1EEF00367F38 /* Debug */,
				47FF44322B5B1EEF00367F38 /* Release */,
			);
			defaultConfigurationIsVisible = 0;
			defaultConfigurationName = Release;
		};
		47FF44332B5B1EEF00367F38 /* Build configuration list for PBXNativeTarget "RechargeTeach" */ = {
			isa = XCConfigurationList;
			buildConfigurations = (
				47FF44342B5B1EEF00367F38 /* Debug */,
				47FF44352B5B1EEF00367F38 /* Release */,
			);
			defaultConfigurationIsVisible = 0;
			defaultConfigurationName = Release;
		};
		47FF44362B5B1EEF00367F38 /* Build configuration list for PBXNativeTarget "RechargeTeachTests" */ = {
			isa = XCConfigurationList;
			buildConfigurations = (
				47FF44372B5B1EEF00367F38 /* Debug */,
				47FF44382B5B1EEF00367F38 /* Release */,
			);
			defaultConfigurationIsVisible = 0;
			defaultConfigurationName = Release;
		};
		47FF44392B5B1EEF00367F38 /* Build configuration list for PBXNativeTarget "RechargeTeachUITests" */ = {
			isa = XCConfigurationList;
			buildConfigurations = (
				47FF443A2B5B1EEF00367F38 /* Debug */,
				47FF443B2B5B1EEF00367F38 /* Release */,
			);
			defaultConfigurationIsVisible = 0;
			defaultConfigurationName = Release;
		};
/* End XCConfigurationList section */
	};
	rootObject = 47FF44062B5B1EEE00367F38 /* Project object */;
}
